
Microsoft Visual Studio Solution File, Format Version 12.00
# Visual Studio 15
VisualStudioVersion = 15.0.26730.3
MinimumVisualStudioVersion = 10.0.40219.1
Project("{2150E333-8FDC-42A3-9474-1A3956D46DE8}") = "Web", "Web", "{A433E64D-E419-45FE-A671-CBB5D0A692B8}"
EndProject
Project("{2150E333-8FDC-42A3-9474-1A3956D46DE8}") = "Domain", "Domain", "{4CF138A8-55F5-455C-89BE-C660216EBA64}"
EndProject
Project("{2150E333-8FDC-42A3-9474-1A3956D46DE8}") = "Commom", "Commom", "{EC4ECFD1-0629-40FD-A8DD-025831FB2217}"
EndProject
Project("{FAE04EC0-301F-11D3-BF4B-00C04F79EFBC}") = "WebApplication", "WebApplication\WebApplication.csproj", "{BB2D0DD2-B62D-4EE0-BB0E-F8E85E8773CD}"
EndProject
Project("{2150E333-8FDC-42A3-9474-1A3956D46DE8}") = "DataAccess", "DataAccess", "{E8AE9A70-150C-44DB-9116-9B43020278DC}"
EndProject
Project("{2150E333-8FDC-42A3-9474-1A3956D46DE8}") = "Interface", "Interface", "{5E2C0222-7C88-47FF-845D-BBF3E5E95B98}"
EndProject
Project("{2150E333-8FDC-42A3-9474-1A3956D46DE8}") = "Server", "Server", "{7EDE7CDF-009A-48C3-AD3B-3E971DF33A85}"
EndProject
Project("{FAE04EC0-301F-11D3-BF4B-00C04F79EFBC}") = "Entity", "Entity\Entity.csproj", "{90DF9E1E-0B93-4A0A-917A-08070A5C186D}"
EndProject
Project("{FAE04EC0-301F-11D3-BF4B-00C04F79EFBC}") = "Interface", "Interface\Interface.csproj", "{90783759-89E2-4DF9-8752-856CDBDCD388}"
EndProject
Project("{2150E333-8FDC-42A3-9474-1A3956D46DE8}") = "Model", "Model", "{571CED97-B2B4-4BC0-8D53-0E2A1429DFB1}"
EndProject
Project("{FAE04EC0-301F-11D3-BF4B-00C04F79EFBC}") = "Model", "Model\Model.csproj", "{FF3BA6A1-E2F2-4484-82CB-FF865F0DA645}"
EndProject
Project("{FAE04EC0-301F-11D3-BF4B-00C04F79EFBC}") = "Server", "Server\Server.csproj", "{0BA605FB-5155-47E3-9577-843E09E2173D}"
EndProject
Project("{FAE04EC0-301F-11D3-BF4B-00C04F79EFBC}") = "Commom", "Commom\Commom.csproj", "{4268C79C-1D1A-4D44-A334-DD5A00EBE063}"
EndProject
Project("{FAE04EC0-301F-11D3-BF4B-00C04F79EFBC}") = "APIApplication", "APIApplication\APIApplication.csproj", "{4C115F9B-3FF6-415B-B8C2-EDAAB9152CB2}"
EndProject
Global
	GlobalSection(SolutionConfigurationPlatforms) = preSolution
		Debug|Any CPU = Debug|Any CPU
		Release|Any CPU = Release|Any CPU
	EndGlobalSection
	GlobalSection(ProjectConfigurationPlatforms) = postSolution
		{BB2D0DD2-B62D-4EE0-BB0E-F8E85E8773CD}.Debug|Any CPU.ActiveCfg = Debug|Any CPU
		{BB2D0DD2-B62D-4EE0-BB0E-F8E85E8773CD}.Debug|Any CPU.Build.0 = Debug|Any CPU
		{BB2D0DD2-B62D-4EE0-BB0E-F8E85E8773CD}.Release|Any CPU.ActiveCfg = Release|Any CPU
		{BB2D0DD2-B62D-4EE0-BB0E-F8E85E8773CD}.Release|Any CPU.Build.0 = Release|Any CPU
		{90DF9E1E-0B93-4A0A-917A-08070A5C186D}.Debug|Any CPU.ActiveCfg = Debug|Any CPU
		{90DF9E1E-0B93-4A0A-917A-08070A5C186D}.Debug|Any CPU.Build.0 = Debug|Any CPU
		{90DF9E1E-0B93-4A0A-917A-08070A5C186D}.Release|Any CPU.ActiveCfg = Release|Any CPU
		{90DF9E1E-0B93-4A0A-917A-08070A5C186D}.Release|Any CPU.Build.0 = Release|Any CPU
		{90783759-89E2-4DF9-8752-856CDBDCD388}.Debug|Any CPU.ActiveCfg = Debug|Any CPU
		{90783759-89E2-4DF9-8752-856CDBDCD388}.Debug|Any CPU.Build.0 = Debug|Any CPU
		{90783759-89E2-4DF9-8752-856CDBDCD388}.Release|Any CPU.ActiveCfg = Release|Any CPU
		{90783759-89E2-4DF9-8752-856CDBDCD388}.Release|Any CPU.Build.0 = Release|Any CPU
		{FF3BA6A1-E2F2-4484-82CB-FF865F0DA645}.Debug|Any CPU.ActiveCfg = Debug|Any CPU
		{FF3BA6A1-E2F2-4484-82CB-FF865F0DA645}.Debug|Any CPU.Build.0 = Debug|Any CPU
		{FF3BA6A1-E2F2-4484-82CB-FF865F0DA645}.Release|Any CPU.ActiveCfg = Release|Any CPU
		{FF3BA6A1-E2F2-4484-82CB-FF865F0DA645}.Release|Any CPU.Build.0 = Release|Any CPU
		{0BA605FB-5155-47E3-9577-843E09E2173D}.Debug|Any CPU.ActiveCfg = Debug|Any CPU
		{0BA605FB-5155-47E3-9577-843E09E2173D}.Debug|Any CPU.Build.0 = Debug|Any CPU
		{0BA605FB-5155-47E3-9577-843E09E2173D}.Release|Any CPU.ActiveCfg = Release|Any CPU
		{0BA605FB-5155-47E3-9577-843E09E2173D}.Release|Any CPU.Build.0 = Release|Any CPU
		{4268C79C-1D1A-4D44-A334-DD5A00EBE063}.Debug|Any CPU.ActiveCfg = Debug|Any CPU
		{4268C79C-1D1A-4D44-A334-DD5A00EBE063}.Debug|Any CPU.Build.0 = Debug|Any CPU
		{4268C79C-1D1A-4D44-A334-DD5A00EBE063}.Release|Any CPU.ActiveCfg = Release|Any CPU
		{4268C79C-1D1A-4D44-A334-DD5A00EBE063}.Release|Any CPU.Build.0 = Release|Any CPU
		{4C115F9B-3FF6-415B-B8C2-EDAAB9152CB2}.Debug|Any CPU.ActiveCfg = Debug|Any CPU
		{4C115F9B-3FF6-415B-B8C2-EDAAB9152CB2}.Debug|Any CPU.Build.0 = Debug|Any CPU
		{4C115F9B-3FF6-415B-B8C2-EDAAB9152CB2}.Release|Any CPU.ActiveCfg = Release|Any CPU
		{4C115F9B-3FF6-415B-B8C2-EDAAB9152CB2}.Release|Any CPU.Build.0 = Release|Any CPU
	EndGlobalSection
	GlobalSection(SolutionProperties) = preSolution
		HideSolutionNode = FALSE
	EndGlobalSection
	GlobalSection(NestedProjects) = preSolution
		{BB2D0DD2-B62D-4EE0-BB0E-F8E85E8773CD} = {A433E64D-E419-45FE-A671-CBB5D0A692B8}
		{E8AE9A70-150C-44DB-9116-9B43020278DC} = {4CF138A8-55F5-455C-89BE-C660216EBA64}
		{5E2C0222-7C88-47FF-845D-BBF3E5E95B98} = {4CF138A8-55F5-455C-89BE-C660216EBA64}
		{7EDE7CDF-009A-48C3-AD3B-3E971DF33A85} = {4CF138A8-55F5-455C-89BE-C660216EBA64}
		{90DF9E1E-0B93-4A0A-917A-08070A5C186D} = {E8AE9A70-150C-44DB-9116-9B43020278DC}
		{90783759-89E2-4DF9-8752-856CDBDCD388} = {5E2C0222-7C88-47FF-845D-BBF3E5E95B98}
		{571CED97-B2B4-4BC0-8D53-0E2A1429DFB1} = {4CF138A8-55F5-455C-89BE-C660216EBA64}
		{FF3BA6A1-E2F2-4484-82CB-FF865F0DA645} = {571CED97-B2B4-4BC0-8D53-0E2A1429DFB1}
		{0BA605FB-5155-47E3-9577-843E09E2173D} = {7EDE7CDF-009A-48C3-AD3B-3E971DF33A85}
		{4268C79C-1D1A-4D44-A334-DD5A00EBE063} = {EC4ECFD1-0629-40FD-A8DD-025831FB2217}
		{4C115F9B-3FF6-415B-B8C2-EDAAB9152CB2} = {A433E64D-E419-45FE-A671-CBB5D0A692B8}
	EndGlobalSection
	GlobalSection(ExtensibilityGlobals) = postSolution
		SolutionGuid = {2131C766-AB54-4774-905E-BED89E1A9C48}
	EndGlobalSection
EndGlobal
